
Microsoft Visual Studio Solution File, Format Version 12.00
# Visual Studio Version 16
VisualStudioVersion = 16.0.29123.88
MinimumVisualStudioVersion = 10.0.40219.1
Project("{FAE04EC0-301F-11D3-BF4B-00C04F79EFBC}") = "Cw1", "Cw1.csproj", "{336CD52A-E22C-4E96-81FC-95514999EF68}"
EndProject
Global
	GlobalSection(SolutionConfigurationPlatforms) = preSolution
		Debug|Any CPU = Debug|Any CPU
		Release|Any CPU = Release|Any CPU
	EndGlobalSection
	GlobalSection(ProjectConfigurationPlatforms) = postSolution
		{336CD52A-E22C-4E96-81FC-95514999EF68}.Debug|Any CPU.ActiveCfg = Debug|Any CPU
		{336CD52A-E22C-4E96-81FC-95514999EF68}.Debug|Any CPU.Build.0 = Debug|Any CPU
		{336CD52A-E22C-4E96-81FC-95514999EF68}.Release|Any CPU.ActiveCfg = Release|Any CPU
		{336CD52A-E22C-4E96-81FC-95514999EF68}.Release|Any CPU.Build.0 = Release|Any CPU
	EndGlobalSection
	GlobalSection(SolutionProperties) = preSolution
		HideSolutionNode = FALSE
	EndGlobalSection
	GlobalSection(ExtensibilityGlobals) = postSolution
		SolutionGuid = {E637DB3E-8871-40D4-83A7-C796B96A0D2F}
	EndGlobalSection
EndGlobal
